{
  "name": "bitespeed-identity-reconciliation",
  "version": "1.0.0",
  "description": "Bitespeed Backend Task: Identity Reconciliation",
  "main": "dist/server.js",
  "scripts": {
    "build": "tsc",
    "start": "node dist/server.js",
    "dev": "ts-node-dev --respawn --transpile-only src/server.ts",
    "migrate": "npx prisma migrate dev --name init"
  },
  "keywords": [],
  "author": "",
  "license": "ISC",
  "dependencies": {
    "@prisma/client": "^5.x.x",
    "dotenv": "^16.x.x",
    "express": "^4.x.x"
  },
  "devDependencies": {
    "@types/express": "^4.x.x",
    "@types/node": "^20.x.x",
    "prisma": "^5.x.x",
    "ts-node": "^10.x.x",
    "ts-node-dev": "^2.x.x",
    "typescript": "^5.x.x"
  }
}
